
Microsoft Visual Studio Solution File, Format Version 12.00
# Visual Studio Version 17
VisualStudioVersion = 17.4.33213.308
MinimumVisualStudioVersion = 10.0.40219.1
Project("{2150E333-8FDC-42A3-9474-1A3956D46DE8}") = "src", "src", "{DEED7142-1845-4034-A330-E5A06D6D2A64}"
EndProject
Project("{2150E333-8FDC-42A3-9474-1A3956D46DE8}") = "Board", "Board", "{D64BEA96-DB9D-4891-AE13-6C63418314C1}"
EndProject
Project("{2150E333-8FDC-42A3-9474-1A3956D46DE8}") = "Common", "Common", "{7451E27F-4DA3-4DC6-843D-F7962931918D}"
EndProject
Project("{2150E333-8FDC-42A3-9474-1A3956D46DE8}") = "Application", "Application", "{1FC25DC5-2B2F-4259-8E1D-BA8BE454A99C}"
EndProject
Project("{2150E333-8FDC-42A3-9474-1A3956D46DE8}") = "Contracts", "Contracts", "{35CB3232-F677-40A8-8FC1-BFD84BB91110}"
EndProject
Project("{2150E333-8FDC-42A3-9474-1A3956D46DE8}") = "Domain", "Domain", "{3E8F6F07-834E-47EB-B6A2-48103CEFEC67}"
EndProject
Project("{2150E333-8FDC-42A3-9474-1A3956D46DE8}") = "Host", "Host", "{4ED7AE60-89DC-4D38-8D8E-BB52DED989CC}"
EndProject
Project("{2150E333-8FDC-42A3-9474-1A3956D46DE8}") = "Infrastructure", "Infrastructure", "{942A22E9-42BE-4855-90EB-2069994E099D}"
EndProject
Project("{FAE04EC0-301F-11D3-BF4B-00C04F79EFBC}") = "Board.Application.AppData", "src\Board\Application\Board.Application.AppData\Board.Application.AppData.csproj", "{58D728A2-C434-4D15-8287-9E29AD994FF8}"
EndProject
Project("{FAE04EC0-301F-11D3-BF4B-00C04F79EFBC}") = "Board.Contracts", "src\Board\Contracts\Board.Contracts\Board.Contracts.csproj", "{AE266F46-783B-48D6-B997-00FB8F430079}"
EndProject
Project("{FAE04EC0-301F-11D3-BF4B-00C04F79EFBC}") = "Board.Domain", "src\Board\Domain\Board.Domain\Board.Domain.csproj", "{00956CBF-2A8F-4FDC-887E-295F33B20467}"
EndProject
Project("{FAE04EC0-301F-11D3-BF4B-00C04F79EFBC}") = "Board.Infrastructure", "src\Board\Infrastructure\Board.Infrastructure\Board.Infrastructure.csproj", "{39058419-9670-4F5E-98DE-EFA578CC06CB}"
EndProject
Project("{FAE04EC0-301F-11D3-BF4B-00C04F79EFBC}") = "Board.Infrastructure.DataAccess", "src\Board\Infrastructure\Board.Infrastructure.DataAccess\Board.Infrastructure.DataAccess.csproj", "{2DC639CC-2CD9-4A03-BF9C-868AD876693F}"
EndProject
Global
	GlobalSection(SolutionConfigurationPlatforms) = preSolution
		Debug|Any CPU = Debug|Any CPU
		Release|Any CPU = Release|Any CPU
	EndGlobalSection
	GlobalSection(ProjectConfigurationPlatforms) = postSolution
		{58D728A2-C434-4D15-8287-9E29AD994FF8}.Debug|Any CPU.ActiveCfg = Debug|Any CPU
		{58D728A2-C434-4D15-8287-9E29AD994FF8}.Debug|Any CPU.Build.0 = Debug|Any CPU
		{58D728A2-C434-4D15-8287-9E29AD994FF8}.Release|Any CPU.ActiveCfg = Release|Any CPU
		{58D728A2-C434-4D15-8287-9E29AD994FF8}.Release|Any CPU.Build.0 = Release|Any CPU
		{AE266F46-783B-48D6-B997-00FB8F430079}.Debug|Any CPU.ActiveCfg = Debug|Any CPU
		{AE266F46-783B-48D6-B997-00FB8F430079}.Debug|Any CPU.Build.0 = Debug|Any CPU
		{AE266F46-783B-48D6-B997-00FB8F430079}.Release|Any CPU.ActiveCfg = Release|Any CPU
		{AE266F46-783B-48D6-B997-00FB8F430079}.Release|Any CPU.Build.0 = Release|Any CPU
		{00956CBF-2A8F-4FDC-887E-295F33B20467}.Debug|Any CPU.ActiveCfg = Debug|Any CPU
		{00956CBF-2A8F-4FDC-887E-295F33B20467}.Debug|Any CPU.Build.0 = Debug|Any CPU
		{00956CBF-2A8F-4FDC-887E-295F33B20467}.Release|Any CPU.ActiveCfg = Release|Any CPU
		{00956CBF-2A8F-4FDC-887E-295F33B20467}.Release|Any CPU.Build.0 = Release|Any CPU
		{39058419-9670-4F5E-98DE-EFA578CC06CB}.Debug|Any CPU.ActiveCfg = Debug|Any CPU
		{39058419-9670-4F5E-98DE-EFA578CC06CB}.Debug|Any CPU.Build.0 = Debug|Any CPU
		{39058419-9670-4F5E-98DE-EFA578CC06CB}.Release|Any CPU.ActiveCfg = Release|Any CPU
		{39058419-9670-4F5E-98DE-EFA578CC06CB}.Release|Any CPU.Build.0 = Release|Any CPU
		{2DC639CC-2CD9-4A03-BF9C-868AD876693F}.Debug|Any CPU.ActiveCfg = Debug|Any CPU
		{2DC639CC-2CD9-4A03-BF9C-868AD876693F}.Debug|Any CPU.Build.0 = Debug|Any CPU
		{2DC639CC-2CD9-4A03-BF9C-868AD876693F}.Release|Any CPU.ActiveCfg = Release|Any CPU
		{2DC639CC-2CD9-4A03-BF9C-868AD876693F}.Release|Any CPU.Build.0 = Release|Any CPU
	EndGlobalSection
	GlobalSection(SolutionProperties) = preSolution
		HideSolutionNode = FALSE
	EndGlobalSection
	GlobalSection(NestedProjects) = preSolution
		{D64BEA96-DB9D-4891-AE13-6C63418314C1} = {DEED7142-1845-4034-A330-E5A06D6D2A64}
		{7451E27F-4DA3-4DC6-843D-F7962931918D} = {DEED7142-1845-4034-A330-E5A06D6D2A64}
		{1FC25DC5-2B2F-4259-8E1D-BA8BE454A99C} = {D64BEA96-DB9D-4891-AE13-6C63418314C1}
		{35CB3232-F677-40A8-8FC1-BFD84BB91110} = {D64BEA96-DB9D-4891-AE13-6C63418314C1}
		{3E8F6F07-834E-47EB-B6A2-48103CEFEC67} = {D64BEA96-DB9D-4891-AE13-6C63418314C1}
		{4ED7AE60-89DC-4D38-8D8E-BB52DED989CC} = {D64BEA96-DB9D-4891-AE13-6C63418314C1}
		{942A22E9-42BE-4855-90EB-2069994E099D} = {D64BEA96-DB9D-4891-AE13-6C63418314C1}
		{58D728A2-C434-4D15-8287-9E29AD994FF8} = {1FC25DC5-2B2F-4259-8E1D-BA8BE454A99C}
		{AE266F46-783B-48D6-B997-00FB8F430079} = {35CB3232-F677-40A8-8FC1-BFD84BB91110}
		{00956CBF-2A8F-4FDC-887E-295F33B20467} = {3E8F6F07-834E-47EB-B6A2-48103CEFEC67}
		{39058419-9670-4F5E-98DE-EFA578CC06CB} = {942A22E9-42BE-4855-90EB-2069994E099D}
		{2DC639CC-2CD9-4A03-BF9C-868AD876693F} = {942A22E9-42BE-4855-90EB-2069994E099D}
	EndGlobalSection
	GlobalSection(ExtensibilityGlobals) = postSolution
		SolutionGuid = {B411F34F-43E8-4380-8479-D323691C0D80}
	EndGlobalSection
EndGlobal
